
Microsoft Visual Studio Solution File, Format Version 12.00
# Visual Studio 15
VisualStudioVersion = 15.0.27130.2024
MinimumVisualStudioVersion = 10.0.40219.1
Project("{FAE04EC0-301F-11D3-BF4B-00C04F79EFBC}") = "Converter", "Converter\Converter.csproj", "{116BEA50-DC59-4CEE-9348-BA84EC3745A5}"
EndProject
Global
	GlobalSection(SolutionConfigurationPlatforms) = preSolution
		Debug|Any CPU = Debug|Any CPU
		Release|Any CPU = Release|Any CPU
	EndGlobalSection
	GlobalSection(ProjectConfigurationPlatforms) = postSolution
		{116BEA50-DC59-4CEE-9348-BA84EC3745A5}.Debug|Any CPU.ActiveCfg = Debug|Any CPU
		{116BEA50-DC59-4CEE-9348-BA84EC3745A5}.Debug|Any CPU.Build.0 = Debug|Any CPU
		{116BEA50-DC59-4CEE-9348-BA84EC3745A5}.Release|Any CPU.ActiveCfg = Release|Any CPU
		{116BEA50-DC59-4CEE-9348-BA84EC3745A5}.Release|Any CPU.Build.0 = Release|Any CPU
	EndGlobalSection
	GlobalSection(SolutionProperties) = preSolution
		HideSolutionNode = FALSE
	EndGlobalSection
	GlobalSection(ExtensibilityGlobals) = postSolution
		SolutionGuid = {9A062BA3-9793-4457-A6D7-3728C44A37E3}
	EndGlobalSection
EndGlobal
